{
  "name": "banks.api",
  "lockfileVersion": 3,
  "requires": true,
  "packages": {
    "": {
      "name": "banks.api",
      "devDependencies": {},
      "peerDependencies": {
        "typescript": "^5.6.3"
      }
    },
    "node_modules/typescript": {
      "version": "5.6.3",
      "license": "Apache-2.0",
      "peer": true,
      "bin": {
        "tsc": "bin/tsc",
        "tsserver": "bin/tsserver"
      },
      "engines": {
        "node": ">=14.17"
      }
    }
  }
}
